// !$*UTF8*$!
{
	archiveVersion = 1;
	classes = {
	};
	objectVersion = 46;
	objects = {

/* Begin PBXAggregateTarget section */
		450A4B6E1A31A872001D9577 /* documentation */ = {
			isa = PBXAggregateTarget;
			buildConfigurationList = 450A4B741A31A872001D9577 /* Build configuration list for PBXAggregateTarget "documentation" */;
			buildPhases = (
				450A4B751A31A883001D9577 /* ShellScript */,
			);
			dependencies = (
			);
			name = documentation;
			productName = documentation;
		};
		454285921A91EED800084DBA /* universalframework */ = {
			isa = PBXAggregateTarget;
			buildConfigurationList = 454285931A91EED800084DBA /* Build configuration list for PBXAggregateTarget "universalframework" */;
			buildPhases = (
				454285961A91EEDD00084DBA /* ShellScript */,
			);
			dependencies = (
			);
			name = universalframework;
			productName = universalframework;
		};
/* End PBXAggregateTarget section */

/* Begin PBXBuildFile section */
		0718DCCE1824FC4800A91417 /* Images.xcassets in Resources */ = {isa = PBXBuildFile; fileRef = 0718DCCD1824FC4800A91417 /* Images.xcassets */; };
		0718DCD71824FCDA00A91417 /* DHCoreDataStackTests.m in Sources */ = {isa = PBXBuildFile; fileRef = 0718DCD41824FCDA00A91417 /* DHCoreDataStackTests.m */; };
		0718DCD81824FCDA00A91417 /* DHManagedObjectUpdatingTests.m in Sources */ = {isa = PBXBuildFile; fileRef = 0718DCD51824FCDA00A91417 /* DHManagedObjectUpdatingTests.m */; };
		0718DCD91824FCDA00A91417 /* DHNSManagedObjectExtensionTests.m in Sources */ = {isa = PBXBuildFile; fileRef = 0718DCD61824FCDA00A91417 /* DHNSManagedObjectExtensionTests.m */; };
		0718DCDC1824FCFB00A91417 /* InfoPlist.strings in Resources */ = {isa = PBXBuildFile; fileRef = 0718DCDA1824FCFA00A91417 /* InfoPlist.strings */; };
		074536621824F971000D6B6F /* Model.xcdatamodeld in Sources */ = {isa = PBXBuildFile; fileRef = 074536611824F971000D6B6F /* Model.xcdatamodeld */; };
		07AA078517AA60CD00A681C9 /* SystemConfiguration.framework in Frameworks */ = {isa = PBXBuildFile; fileRef = 07AA078017AA601E00A681C9 /* SystemConfiguration.framework */; };
		07DD35CD178C161800ECCB21 /* UIKit.framework in Frameworks */ = {isa = PBXBuildFile; fileRef = 07DD35A1178C161800ECCB21 /* UIKit.framework */; };
		07DD35CE178C161800ECCB21 /* Foundation.framework in Frameworks */ = {isa = PBXBuildFile; fileRef = 07DD35A3178C161800ECCB21 /* Foundation.framework */; };
		07DD35F5178C224200ECCB21 /* CoreData.framework in Frameworks */ = {isa = PBXBuildFile; fileRef = 07DD35EB178C17DA00ECCB21 /* CoreData.framework */; };
		07F0B8EC17C17BF8003D8581 /* DHAppDelegate.m in Sources */ = {isa = PBXBuildFile; fileRef = 07F0B8EB17C17BF8003D8581 /* DHAppDelegate.m */; };
		07F0B8F117C17C04003D8581 /* DHAnimal.m in Sources */ = {isa = PBXBuildFile; fileRef = 07F0B8EE17C17C04003D8581 /* DHAnimal.m */; };
		07F0B8F217C17C04003D8581 /* DHPerson.m in Sources */ = {isa = PBXBuildFile; fileRef = 07F0B8F017C17C04003D8581 /* DHPerson.m */; };
		07F0B8F517C17C13003D8581 /* DHViewController.m in Sources */ = {isa = PBXBuildFile; fileRef = 07F0B8F417C17C13003D8581 /* DHViewController.m */; };
		07F0B8F817C17C1F003D8581 /* DHViewController.xib in Resources */ = {isa = PBXBuildFile; fileRef = 07F0B8F617C17C1F003D8581 /* DHViewController.xib */; };
		07F0B8FB17C17C37003D8581 /* InfoPlist.strings in Resources */ = {isa = PBXBuildFile; fileRef = 07F0B8F917C17C37003D8581 /* InfoPlist.strings */; };
		07F0B90017C17C42003D8581 /* main.m in Sources */ = {isa = PBXBuildFile; fileRef = 07F0B8FE17C17C42003D8581 /* main.m */; };
		4542855D1A91EC8900084DBA /* DHFoundation.framework in Frameworks */ = {isa = PBXBuildFile; fileRef = 45E2840C1A8E3680007F5D85 /* DHFoundation.framework */; };
		4542855E1A91ECF400084DBA /* DHFoundation.framework in Frameworks */ = {isa = PBXBuildFile; fileRef = 45E2840C1A8E3680007F5D85 /* DHFoundation.framework */; };
		4542855F1A91ECF400084DBA /* DHFoundation.framework in Embed Frameworks */ = {isa = PBXBuildFile; fileRef = 45E2840C1A8E3680007F5D85 /* DHFoundation.framework */; settings = {ATTRIBUTES = (CodeSignOnCopy, RemoveHeadersOnCopy, ); }; };
		4542858E1A91EE2D00084DBA /* DHCoreData.framework in Frameworks */ = {isa = PBXBuildFile; fileRef = 454C84371A48591300DC63B5 /* DHCoreData.framework */; };
		4542858F1A91EE2D00084DBA /* DHCoreData.framework in Embed Frameworks */ = {isa = PBXBuildFile; fileRef = 454C84371A48591300DC63B5 /* DHCoreData.framework */; settings = {ATTRIBUTES = (CodeSignOnCopy, RemoveHeadersOnCopy, ); }; };
		454C843C1A48591300DC63B5 /* DHCoreData.h in Headers */ = {isa = PBXBuildFile; fileRef = 454C843B1A48591300DC63B5 /* DHCoreData.h */; settings = {ATTRIBUTES = (Public, ); }; };
		454C84571A48597100DC63B5 /* NSManagedObject+SetValuesFromDictionary.h in Headers */ = {isa = PBXBuildFile; fileRef = 0731646E1795619700930FCE /* NSManagedObject+SetValuesFromDictionary.h */; settings = {ATTRIBUTES = (Public, ); }; };
		454C84581A48597600DC63B5 /* NSManagedObject+SetValuesFromDictionary.m in Sources */ = {isa = PBXBuildFile; fileRef = 0731646F1795619700930FCE /* NSManagedObject+SetValuesFromDictionary.m */; };
		454C84591A48597A00DC63B5 /* DHCoreDataStack.h in Headers */ = {isa = PBXBuildFile; fileRef = 0731647C179578DF00930FCE /* DHCoreDataStack.h */; settings = {ATTRIBUTES = (Public, ); }; };
		454C845A1A48598000DC63B5 /* DHCoreDataStack.m in Sources */ = {isa = PBXBuildFile; fileRef = 0731647D179578DF00930FCE /* DHCoreDataStack.m */; };
		454C845B1A48598300DC63B5 /* NSManagedObject+DH.h in Headers */ = {isa = PBXBuildFile; fileRef = 0731647E179578DF00930FCE /* NSManagedObject+DH.h */; settings = {ATTRIBUTES = (Public, ); }; };
		454C845C1A48598900DC63B5 /* NSManagedObject+DH.m in Sources */ = {isa = PBXBuildFile; fileRef = 0731647F179578DF00930FCE /* NSManagedObject+DH.m */; };
		45E2840B1A8E3668007F5D85 /* MIQTestingFramework.framework in Frameworks */ = {isa = PBXBuildFile; fileRef = 45E2840A1A8E3668007F5D85 /* MIQTestingFramework.framework */; };
/* End PBXBuildFile section */

/* Begin PBXContainerItemProxy section */
		07DD35CF178C161800ECCB21 /* PBXContainerItemProxy */ = {
			isa = PBXContainerItemProxy;
			containerPortal = 07DD3596178C161800ECCB21 /* Project object */;
			proxyType = 1;
			remoteGlobalIDString = 07DD359D178C161800ECCB21;
			remoteInfo = DHCoreDataStack;
		};
		454285901A91EE2D00084DBA /* PBXContainerItemProxy */ = {
			isa = PBXContainerItemProxy;
			containerPortal = 07DD3596178C161800ECCB21 /* Project object */;
			proxyType = 1;
			remoteGlobalIDString = 454C84361A48591300DC63B5;
			remoteInfo = DHCoreData;
		};
/* End PBXContainerItemProxy section */

/* Begin PBXCopyFilesBuildPhase section */
		454285601A91ECF400084DBA /* Embed Frameworks */ = {
			isa = PBXCopyFilesBuildPhase;
			buildActionMask = 2147483647;
			dstPath = "";
			dstSubfolderSpec = 10;
			files = (
				4542855F1A91ECF400084DBA /* DHFoundation.framework in Embed Frameworks */,
				4542858F1A91EE2D00084DBA /* DHCoreData.framework in Embed Frameworks */,
			);
			name = "Embed Frameworks";
			runOnlyForDeploymentPostprocessing = 0;
		};
/* End PBXCopyFilesBuildPhase section */

/* Begin PBXFileReference section */
		0718DCCB1824FB4900A91417 /* DHCoreDataStackTests-Info.plist */ = {isa = PBXFileReference; fileEncoding = 4; lastKnownFileType = text.plist.xml; name = "DHCoreDataStackTests-Info.plist"; path = "DHCoreDataStackTests/DHCoreDataStackTests-Info.plist"; sourceTree = SOURCE_ROOT; };
		0718DCCD1824FC4800A91417 /* Images.xcassets */ = {isa = PBXFileReference; lastKnownFileType = folder.assetcatalog; name = Images.xcassets; path = DHCoreDataStack/Images.xcassets; sourceTree = SOURCE_ROOT; };
		0718DCD41824FCDA00A91417 /* DHCoreDataStackTests.m */ = {isa = PBXFileReference; fileEncoding = 4; lastKnownFileType = sourcecode.c.objc; path = DHCoreDataStackTests.m; sourceTree = "<group>"; };
		0718DCD51824FCDA00A91417 /* DHManagedObjectUpdatingTests.m */ = {isa = PBXFileReference; fileEncoding = 4; lastKnownFileType = sourcecode.c.objc; path = DHManagedObjectUpdatingTests.m; sourceTree = "<group>"; };
		0718DCD61824FCDA00A91417 /* DHNSManagedObjectExtensionTests.m */ = {isa = PBXFileReference; fileEncoding = 4; lastKnownFileType = sourcecode.c.objc; path = DHNSManagedObjectExtensionTests.m; sourceTree = "<group>"; };
		0718DCDB1824FCFA00A91417 /* en */ = {isa = PBXFileReference; lastKnownFileType = text.plist.strings; name = en; path = en.lproj/InfoPlist.strings; sourceTree = "<group>"; };
		0731646E1795619700930FCE /* NSManagedObject+SetValuesFromDictionary.h */ = {isa = PBXFileReference; fileEncoding = 4; lastKnownFileType = sourcecode.c.h; path = "NSManagedObject+SetValuesFromDictionary.h"; sourceTree = "<group>"; };
		0731646F1795619700930FCE /* NSManagedObject+SetValuesFromDictionary.m */ = {isa = PBXFileReference; fileEncoding = 4; lastKnownFileType = sourcecode.c.objc; lineEnding = 0; path = "NSManagedObject+SetValuesFromDictionary.m"; sourceTree = "<group>"; xcLanguageSpecificationIdentifier = xcode.lang.objc; };
		0731647C179578DF00930FCE /* DHCoreDataStack.h */ = {isa = PBXFileReference; fileEncoding = 4; lastKnownFileType = sourcecode.c.h; lineEnding = 0; name = DHCoreDataStack.h; path = DHCoreData/DHCoreDataStack.h; sourceTree = SOURCE_ROOT; xcLanguageSpecificationIdentifier = xcode.lang.objcpp; };
		0731647D179578DF00930FCE /* DHCoreDataStack.m */ = {isa = PBXFileReference; fileEncoding = 4; lastKnownFileType = sourcecode.c.objc; lineEnding = 0; name = DHCoreDataStack.m; path = DHCoreData/DHCoreDataStack.m; sourceTree = SOURCE_ROOT; xcLanguageSpecificationIdentifier = xcode.lang.objc; };
		0731647E179578DF00930FCE /* NSManagedObject+DH.h */ = {isa = PBXFileReference; fileEncoding = 4; lastKnownFileType = sourcecode.c.h; lineEnding = 0; name = "NSManagedObject+DH.h"; path = "DHCoreData/NSManagedObject+DH.h"; sourceTree = SOURCE_ROOT; xcLanguageSpecificationIdentifier = xcode.lang.objcpp; };
		0731647F179578DF00930FCE /* NSManagedObject+DH.m */ = {isa = PBXFileReference; fileEncoding = 4; lastKnownFileType = sourcecode.c.objc; lineEnding = 0; name = "NSManagedObject+DH.m"; path = "DHCoreData/NSManagedObject+DH.m"; sourceTree = SOURCE_ROOT; xcLanguageSpecificationIdentifier = xcode.lang.objc; };
		07632138179400A400846D0D /* DHCoreData-Prefix.pch */ = {isa = PBXFileReference; lastKnownFileType = sourcecode.c.h; path = "DHCoreData-Prefix.pch"; sourceTree = "<group>"; };
		07AA078017AA601E00A681C9 /* SystemConfiguration.framework */ = {isa = PBXFileReference; lastKnownFileType = wrapper.framework; name = SystemConfiguration.framework; path = System/Library/Frameworks/SystemConfiguration.framework; sourceTree = SDKROOT; };
		07DD359E178C161800ECCB21 /* DHCoreDataStack.app */ = {isa = PBXFileReference; explicitFileType = wrapper.application; includeInIndex = 0; path = DHCoreDataStack.app; sourceTree = BUILT_PRODUCTS_DIR; };
		07DD35A1178C161800ECCB21 /* UIKit.framework */ = {isa = PBXFileReference; lastKnownFileType = wrapper.framework; name = UIKit.framework; path = System/Library/Frameworks/UIKit.framework; sourceTree = SDKROOT; };
		07DD35A3178C161800ECCB21 /* Foundation.framework */ = {isa = PBXFileReference; lastKnownFileType = wrapper.framework; name = Foundation.framework; path = System/Library/Frameworks/Foundation.framework; sourceTree = SDKROOT; };
		07DD35A5178C161800ECCB21 /* CoreGraphics.framework */ = {isa = PBXFileReference; lastKnownFileType = wrapper.framework; name = CoreGraphics.framework; path = System/Library/Frameworks/CoreGraphics.framework; sourceTree = SDKROOT; };
		07DD35CA178C161800ECCB21 /* DHCoreDataStackTests.xctest */ = {isa = PBXFileReference; explicitFileType = wrapper.cfbundle; includeInIndex = 0; path = DHCoreDataStackTests.xctest; sourceTree = BUILT_PRODUCTS_DIR; };
		07DD35EB178C17DA00ECCB21 /* CoreData.framework */ = {isa = PBXFileReference; lastKnownFileType = wrapper.framework; name = CoreData.framework; path = System/Library/Frameworks/CoreData.framework; sourceTree = SDKROOT; };
		07F0B8EA17C17BF8003D8581 /* DHAppDelegate.h */ = {isa = PBXFileReference; fileEncoding = 4; lastKnownFileType = sourcecode.c.h; lineEnding = 0; name = DHAppDelegate.h; path = DHCoreDataStack/Classes/Application/DHAppDelegate.h; sourceTree = SOURCE_ROOT; xcLanguageSpecificationIdentifier = xcode.lang.objcpp; };
		07F0B8EB17C17BF8003D8581 /* DHAppDelegate.m */ = {isa = PBXFileReference; fileEncoding = 4; lastKnownFileType = sourcecode.c.objc; lineEnding = 0; name = DHAppDelegate.m; path = DHCoreDataStack/Classes/Application/DHAppDelegate.m; sourceTree = SOURCE_ROOT; xcLanguageSpecificationIdentifier = xcode.lang.objc; };
		07F0B8ED17C17C04003D8581 /* DHAnimal.h */ = {isa = PBXFileReference; fileEncoding = 4; lastKnownFileType = sourcecode.c.h; lineEnding = 0; name = DHAnimal.h; path = DHCoreDataStack/Classes/Model/DHAnimal.h; sourceTree = SOURCE_ROOT; xcLanguageSpecificationIdentifier = xcode.lang.objcpp; };
		07F0B8EE17C17C04003D8581 /* DHAnimal.m */ = {isa = PBXFileReference; fileEncoding = 4; lastKnownFileType = sourcecode.c.objc; lineEnding = 0; name = DHAnimal.m; path = DHCoreDataStack/Classes/Model/DHAnimal.m; sourceTree = SOURCE_ROOT; xcLanguageSpecificationIdentifier = xcode.lang.objc; };
		07F0B8EF17C17C04003D8581 /* DHPerson.h */ = {isa = PBXFileReference; fileEncoding = 4; lastKnownFileType = sourcecode.c.h; lineEnding = 0; name = DHPerson.h; path = DHCoreDataStack/Classes/Model/DHPerson.h; sourceTree = SOURCE_ROOT; xcLanguageSpecificationIdentifier = xcode.lang.objcpp; };
		07F0B8F017C17C04003D8581 /* DHPerson.m */ = {isa = PBXFileReference; fileEncoding = 4; lastKnownFileType = sourcecode.c.objc; lineEnding = 0; name = DHPerson.m; path = DHCoreDataStack/Classes/Model/DHPerson.m; sourceTree = SOURCE_ROOT; xcLanguageSpecificationIdentifier = xcode.lang.objc; };
		07F0B8F317C17C12003D8581 /* DHViewController.h */ = {isa = PBXFileReference; fileEncoding = 4; lastKnownFileType = sourcecode.c.h; lineEnding = 0; name = DHViewController.h; path = "DHCoreDataStack/Classes/View Controllers/DHViewController.h"; sourceTree = SOURCE_ROOT; xcLanguageSpecificationIdentifier = xcode.lang.objcpp; };
		07F0B8F417C17C13003D8581 /* DHViewController.m */ = {isa = PBXFileReference; fileEncoding = 4; lastKnownFileType = sourcecode.c.objc; lineEnding = 0; name = DHViewController.m; path = "DHCoreDataStack/Classes/View Controllers/DHViewController.m"; sourceTree = SOURCE_ROOT; xcLanguageSpecificationIdentifier = xcode.lang.objc; };
		07F0B8F717C17C1F003D8581 /* en */ = {isa = PBXFileReference; lastKnownFileType = file.xib; name = en; path = DHCoreDataStack/en.lproj/DHViewController.xib; sourceTree = SOURCE_ROOT; };
		07F0B8FA17C17C37003D8581 /* en */ = {isa = PBXFileReference; lastKnownFileType = text.plist.strings; name = en; path = DHCoreDataStack/en.lproj/InfoPlist.strings; sourceTree = SOURCE_ROOT; };
		07F0B8FC17C17C42003D8581 /* DHCoreDataStack-Info.plist */ = {isa = PBXFileReference; fileEncoding = 4; lastKnownFileType = text.plist.xml; name = "DHCoreDataStack-Info.plist"; path = "DHCoreDataStack/DHCoreDataStack-Info.plist"; sourceTree = SOURCE_ROOT; };
		07F0B8FD17C17C42003D8581 /* DHCoreDataStack-Prefix.pch */ = {isa = PBXFileReference; fileEncoding = 4; lastKnownFileType = sourcecode.c.h; lineEnding = 0; name = "DHCoreDataStack-Prefix.pch"; path = "DHCoreDataStack/DHCoreDataStack-Prefix.pch"; sourceTree = SOURCE_ROOT; xcLanguageSpecificationIdentifier = xcode.lang.objc; };
		07F0B8FE17C17C42003D8581 /* main.m */ = {isa = PBXFileReference; fileEncoding = 4; lastKnownFileType = sourcecode.c.objc; lineEnding = 0; name = main.m; path = DHCoreDataStack/main.m; sourceTree = SOURCE_ROOT; xcLanguageSpecificationIdentifier = xcode.lang.objc; };
		451A82E01BE7A65500CA89F3 /* NSManagedObject+DHPrivate.h */ = {isa = PBXFileReference; lastKnownFileType = sourcecode.c.h; path = "NSManagedObject+DHPrivate.h"; sourceTree = "<group>"; };
		454C84371A48591300DC63B5 /* DHCoreData.framework */ = {isa = PBXFileReference; explicitFileType = wrapper.framework; includeInIndex = 0; path = DHCoreData.framework; sourceTree = BUILT_PRODUCTS_DIR; };
		454C843A1A48591300DC63B5 /* Info.plist */ = {isa = PBXFileReference; lastKnownFileType = text.plist.xml; path = Info.plist; sourceTree = "<group>"; };
		454C843B1A48591300DC63B5 /* DHCoreData.h */ = {isa = PBXFileReference; lastKnownFileType = sourcecode.c.h; path = DHCoreData.h; sourceTree = "<group>"; };
		45E2840A1A8E3668007F5D85 /* MIQTestingFramework.framework */ = {isa = PBXFileReference; lastKnownFileType = wrapper.framework; path = MIQTestingFramework.framework; sourceTree = "<group>"; };
		45E2840C1A8E3680007F5D85 /* DHFoundation.framework */ = {isa = PBXFileReference; lastKnownFileType = wrapper.framework; path = DHFoundation.framework; sourceTree = "<group>"; };
/* End PBXFileReference section */

/* Begin PBXFrameworksBuildPhase section */
		07DD359B178C161800ECCB21 /* Frameworks */ = {
			isa = PBXFrameworksBuildPhase;
			buildActionMask = 2147483647;
			files = (
				4542855E1A91ECF400084DBA /* DHFoundation.framework in Frameworks */,
				4542858E1A91EE2D00084DBA /* DHCoreData.framework in Frameworks */,
			);
			runOnlyForDeploymentPostprocessing = 0;
		};
		07DD35C6178C161800ECCB21 /* Frameworks */ = {
			isa = PBXFrameworksBuildPhase;
			buildActionMask = 2147483647;
			files = (
				07AA078517AA60CD00A681C9 /* SystemConfiguration.framework in Frameworks */,
				45E2840B1A8E3668007F5D85 /* MIQTestingFramework.framework in Frameworks */,
				07DD35F5178C224200ECCB21 /* CoreData.framework in Frameworks */,
				07DD35CD178C161800ECCB21 /* UIKit.framework in Frameworks */,
				07DD35CE178C161800ECCB21 /* Foundation.framework in Frameworks */,
			);
			runOnlyForDeploymentPostprocessing = 0;
		};
		454C84331A48591300DC63B5 /* Frameworks */ = {
			isa = PBXFrameworksBuildPhase;
			buildActionMask = 2147483647;
			files = (
				4542855D1A91EC8900084DBA /* DHFoundation.framework in Frameworks */,
			);
			runOnlyForDeploymentPostprocessing = 0;
		};
/* End PBXFrameworksBuildPhase section */

/* Begin PBXGroup section */
		07632136179400A400846D0D /* DHCoreData */ = {
			isa = PBXGroup;
			children = (
				0731646E1795619700930FCE /* NSManagedObject+SetValuesFromDictionary.h */,
				0731646F1795619700930FCE /* NSManagedObject+SetValuesFromDictionary.m */,
				0731647C179578DF00930FCE /* DHCoreDataStack.h */,
				0731647D179578DF00930FCE /* DHCoreDataStack.m */,
				0731647E179578DF00930FCE /* NSManagedObject+DH.h */,
				451A82E01BE7A65500CA89F3 /* NSManagedObject+DHPrivate.h */,
				0731647F179578DF00930FCE /* NSManagedObject+DH.m */,
				07632137179400A400846D0D /* Supporting Files */,
			);
			path = DHCoreData;
			sourceTree = "<group>";
		};
		07632137179400A400846D0D /* Supporting Files */ = {
			isa = PBXGroup;
			children = (
				07632138179400A400846D0D /* DHCoreData-Prefix.pch */,
			);
			name = "Supporting Files";
			sourceTree = "<group>";
		};
		07DD3595178C161800ECCB21 = {
			isa = PBXGroup;
			children = (
				07DD35A7178C161800ECCB21 /* DHCoreDataStack */,
				07DD35D1178C161800ECCB21 /* DHCoreDataStackTests */,
				07632136179400A400846D0D /* DHCoreData */,
				454C84381A48591300DC63B5 /* DHCoreDataFramework */,
				07DD35A0178C161800ECCB21 /* Frameworks */,
				07DD359F178C161800ECCB21 /* Products */,
			);
			sourceTree = "<group>";
		};
		07DD359F178C161800ECCB21 /* Products */ = {
			isa = PBXGroup;
			children = (
				07DD359E178C161800ECCB21 /* DHCoreDataStack.app */,
				07DD35CA178C161800ECCB21 /* DHCoreDataStackTests.xctest */,
				454C84371A48591300DC63B5 /* DHCoreData.framework */,
			);
			name = Products;
			sourceTree = "<group>";
		};
		07DD35A0178C161800ECCB21 /* Frameworks */ = {
			isa = PBXGroup;
			children = (
				45E2840C1A8E3680007F5D85 /* DHFoundation.framework */,
				45E2840A1A8E3668007F5D85 /* MIQTestingFramework.framework */,
				07DD35EB178C17DA00ECCB21 /* CoreData.framework */,
				07DD35A1178C161800ECCB21 /* UIKit.framework */,
				07DD35A3178C161800ECCB21 /* Foundation.framework */,
				07DD35A5178C161800ECCB21 /* CoreGraphics.framework */,
				07AA078017AA601E00A681C9 /* SystemConfiguration.framework */,
			);
			name = Frameworks;
			sourceTree = "<group>";
		};
		07DD35A7178C161800ECCB21 /* DHCoreDataStack */ = {
			isa = PBXGroup;
			children = (
				07DD35B0178C161800ECCB21 /* Classes */,
				07DD35BB178C161800ECCB21 /* Resources */,
				07DD35A8178C161800ECCB21 /* Supporting Files */,
			);
			path = DHCoreDataStack;
			sourceTree = "<group>";
		};
		07DD35A8178C161800ECCB21 /* Supporting Files */ = {
			isa = PBXGroup;
			children = (
				07F0B8FC17C17C42003D8581 /* DHCoreDataStack-Info.plist */,
				07F0B8FD17C17C42003D8581 /* DHCoreDataStack-Prefix.pch */,
				07F0B8FE17C17C42003D8581 /* main.m */,
				07F0B8F917C17C37003D8581 /* InfoPlist.strings */,
			);
			name = "Supporting Files";
			sourceTree = "<group>";
		};
		07DD35B0178C161800ECCB21 /* Classes */ = {
			isa = PBXGroup;
			children = (
				07DD35B1178C161800ECCB21 /* Application */,
				07DD35B5178C161800ECCB21 /* Model */,
				07DD35B7178C161800ECCB21 /* Views */,
				07DD35B9178C161800ECCB21 /* View Controllers */,
			);
			name = Classes;
			sourceTree = "<group>";
		};
		07DD35B1178C161800ECCB21 /* Application */ = {
			isa = PBXGroup;
			children = (
				07F0B8EA17C17BF8003D8581 /* DHAppDelegate.h */,
				07F0B8EB17C17BF8003D8581 /* DHAppDelegate.m */,
			);
			name = Application;
			sourceTree = "<group>";
		};
		07DD35B5178C161800ECCB21 /* Model */ = {
			isa = PBXGroup;
			children = (
				07F0B8ED17C17C04003D8581 /* DHAnimal.h */,
				07F0B8EE17C17C04003D8581 /* DHAnimal.m */,
				07F0B8EF17C17C04003D8581 /* DHPerson.h */,
				07F0B8F017C17C04003D8581 /* DHPerson.m */,
			);
			name = Model;
			sourceTree = "<group>";
		};
		07DD35B7178C161800ECCB21 /* Views */ = {
			isa = PBXGroup;
			children = (
			);
			name = Views;
			sourceTree = "<group>";
		};
		07DD35B9178C161800ECCB21 /* View Controllers */ = {
			isa = PBXGroup;
			children = (
				07F0B8F317C17C12003D8581 /* DHViewController.h */,
				07F0B8F417C17C13003D8581 /* DHViewController.m */,
			);
			name = "View Controllers";
			sourceTree = "<group>";
		};
		07DD35BB178C161800ECCB21 /* Resources */ = {
			isa = PBXGroup;
			children = (
				07DD35BC178C161800ECCB21 /* Images */,
				07DD35C1178C161800ECCB21 /* Xibs */,
				074536611824F971000D6B6F /* Model.xcdatamodeld */,
				0718DCCD1824FC4800A91417 /* Images.xcassets */,
			);
			name = Resources;
			sourceTree = "<group>";
		};
		07DD35BC178C161800ECCB21 /* Images */ = {
			isa = PBXGroup;
			children = (
			);
			name = Images;
			sourceTree = "<group>";
		};
		07DD35C1178C161800ECCB21 /* Xibs */ = {
			isa = PBXGroup;
			children = (
				07F0B8F617C17C1F003D8581 /* DHViewController.xib */,
			);
			name = Xibs;
			sourceTree = "<group>";
		};
		07DD35D1178C161800ECCB21 /* DHCoreDataStackTests */ = {
			isa = PBXGroup;
			children = (
				0718DCD41824FCDA00A91417 /* DHCoreDataStackTests.m */,
				0718DCD51824FCDA00A91417 /* DHManagedObjectUpdatingTests.m */,
				0718DCD61824FCDA00A91417 /* DHNSManagedObjectExtensionTests.m */,
				07DD35D2178C161800ECCB21 /* Supporting Files */,
			);
			path = DHCoreDataStackTests;
			sourceTree = "<group>";
		};
		07DD35D2178C161800ECCB21 /* Supporting Files */ = {
			isa = PBXGroup;
			children = (
				0718DCDA1824FCFA00A91417 /* InfoPlist.strings */,
				0718DCCB1824FB4900A91417 /* DHCoreDataStackTests-Info.plist */,
			);
			name = "Supporting Files";
			sourceTree = "<group>";
		};
		454C84381A48591300DC63B5 /* DHCoreDataFramework */ = {
			isa = PBXGroup;
			children = (
				454C843B1A48591300DC63B5 /* DHCoreData.h */,
				454C84391A48591300DC63B5 /* Supporting Files */,
			);
			path = DHCoreDataFramework;
			sourceTree = "<group>";
		};
		454C84391A48591300DC63B5 /* Supporting Files */ = {
			isa = PBXGroup;
			children = (
				454C843A1A48591300DC63B5 /* Info.plist */,
			);
			name = "Supporting Files";
			sourceTree = "<group>";
		};
/* End PBXGroup section */

/* Begin PBXHeadersBuildPhase section */
		454C84341A48591300DC63B5 /* Headers */ = {
			isa = PBXHeadersBuildPhase;
			buildActionMask = 2147483647;
			files = (
				454C84591A48597A00DC63B5 /* DHCoreDataStack.h in Headers */,
				454C843C1A48591300DC63B5 /* DHCoreData.h in Headers */,
				454C845B1A48598300DC63B5 /* NSManagedObject+DH.h in Headers */,
				454C84571A48597100DC63B5 /* NSManagedObject+SetValuesFromDictionary.h in Headers */,
			);
			runOnlyForDeploymentPostprocessing = 0;
		};
/* End PBXHeadersBuildPhase section */

/* Begin PBXNativeTarget section */
		07DD359D178C161800ECCB21 /* DHCoreDataStack */ = {
			isa = PBXNativeTarget;
			buildConfigurationList = 07DD35DC178C161800ECCB21 /* Build configuration list for PBXNativeTarget "DHCoreDataStack" */;
			buildPhases = (
				07DD359A178C161800ECCB21 /* Sources */,
				07DD359B178C161800ECCB21 /* Frameworks */,
				07DD359C178C161800ECCB21 /* Resources */,
				454285601A91ECF400084DBA /* Embed Frameworks */,
			);
			buildRules = (
			);
			dependencies = (
				454285911A91EE2D00084DBA /* PBXTargetDependency */,
			);
			name = DHCoreDataStack;
			productName = DHCoreDataStack;
			productReference = 07DD359E178C161800ECCB21 /* DHCoreDataStack.app */;
			productType = "com.apple.product-type.application";
		};
		07DD35C9178C161800ECCB21 /* DHCoreDataStackTests */ = {
			isa = PBXNativeTarget;
			buildConfigurationList = 07DD35DF178C161800ECCB21 /* Build configuration list for PBXNativeTarget "DHCoreDataStackTests" */;
			buildPhases = (
				07DD35C5178C161800ECCB21 /* Sources */,
				07DD35C6178C161800ECCB21 /* Frameworks */,
				07DD35C7178C161800ECCB21 /* Resources */,
				07DD35C8178C161800ECCB21 /* ShellScript */,
			);
			buildRules = (
			);
			dependencies = (
				07DD35D0178C161800ECCB21 /* PBXTargetDependency */,
			);
			name = DHCoreDataStackTests;
			productName = DHCoreDataStackTests;
			productReference = 07DD35CA178C161800ECCB21 /* DHCoreDataStackTests.xctest */;
			productType = "com.apple.product-type.bundle.unit-test";
		};
		454C84361A48591300DC63B5 /* DHCoreData */ = {
			isa = PBXNativeTarget;
			buildConfigurationList = 454C84501A48591300DC63B5 /* Build configuration list for PBXNativeTarget "DHCoreData" */;
			buildPhases = (
				454C84321A48591300DC63B5 /* Sources */,
				454C84331A48591300DC63B5 /* Frameworks */,
				454C84341A48591300DC63B5 /* Headers */,
				454C84351A48591300DC63B5 /* Resources */,
			);
			buildRules = (
			);
			dependencies = (
			);
			name = DHCoreData;
			productName = DHCoreDataFramework;
			productReference = 454C84371A48591300DC63B5 /* DHCoreData.framework */;
			productType = "com.apple.product-type.framework";
		};
/* End PBXNativeTarget section */

/* Begin PBXProject section */
		07DD3596178C161800ECCB21 /* Project object */ = {
			isa = PBXProject;
			attributes = {
				CLASSPREFIX = DH;
				LastTestingUpgradeCheck = 0610;
				LastUpgradeCheck = 0700;
				ORGANIZATIONNAME = "";
				TargetAttributes = {
					450A4B6E1A31A872001D9577 = {
						CreatedOnToolsVersion = 6.1.1;
					};
					454285921A91EED800084DBA = {
						CreatedOnToolsVersion = 6.1.1;
					};
					454C84361A48591300DC63B5 = {
						CreatedOnToolsVersion = 6.1.1;
					};
				};
			};
			buildConfigurationList = 07DD3599178C161800ECCB21 /* Build configuration list for PBXProject "DHCoreDataStack" */;
			compatibilityVersion = "Xcode 3.2";
			developmentRegion = English;
			hasScannedForEncodings = 0;
			knownRegions = (
				en,
				Base,
			);
			mainGroup = 07DD3595178C161800ECCB21;
			productRefGroup = 07DD359F178C161800ECCB21 /* Products */;
			projectDirPath = "";
			projectRoot = "";
			targets = (
				07DD359D178C161800ECCB21 /* DHCoreDataStack */,
				07DD35C9178C161800ECCB21 /* DHCoreDataStackTests */,
				450A4B6E1A31A872001D9577 /* documentation */,
				454C84361A48591300DC63B5 /* DHCoreData */,
				454285921A91EED800084DBA /* universalframework */,
			);
		};
/* End PBXProject section */

/* Begin PBXResourcesBuildPhase section */
		07DD359C178C161800ECCB21 /* Resources */ = {
			isa = PBXResourcesBuildPhase;
			buildActionMask = 2147483647;
			files = (
				0718DCCE1824FC4800A91417 /* Images.xcassets in Resources */,
				07F0B8F817C17C1F003D8581 /* DHViewController.xib in Resources */,
				07F0B8FB17C17C37003D8581 /* InfoPlist.strings in Resources */,
			);
			runOnlyForDeploymentPostprocessing = 0;
		};
		07DD35C7178C161800ECCB21 /* Resources */ = {
			isa = PBXResourcesBuildPhase;
			buildActionMask = 2147483647;
			files = (
				0718DCDC1824FCFB00A91417 /* InfoPlist.strings in Resources */,
			);
			runOnlyForDeploymentPostprocessing = 0;
		};
		454C84351A48591300DC63B5 /* Resources */ = {
			isa = PBXResourcesBuildPhase;
			buildActionMask = 2147483647;
			files = (
			);
			runOnlyForDeploymentPostprocessing = 0;
		};
/* End PBXResourcesBuildPhase section */

/* Begin PBXShellScriptBuildPhase section */
		07DD35C8178C161800ECCB21 /* ShellScript */ = {
			isa = PBXShellScriptBuildPhase;
			buildActionMask = 2147483647;
			files = (
			);
			inputPaths = (
			);
			outputPaths = (
			);
			runOnlyForDeploymentPostprocessing = 0;
			shellPath = /bin/sh;
			shellScript = "# Run the unit tests in this test bundle.\n\"${SYSTEM_DEVELOPER_DIR}/Tools/RunUnitTests\"\n";
		};
		450A4B751A31A883001D9577 /* ShellScript */ = {
			isa = PBXShellScriptBuildPhase;
			buildActionMask = 2147483647;
			files = (
			);
			inputPaths = (
			);
			outputPaths = (
			);
			runOnlyForDeploymentPostprocessing = 0;
			shellPath = /bin/sh;
			shellScript = "#appledoc Xcode script\n# Start constants\ncompany=\"David Hardiman\";\ncompanyID=\"me.davidhardiman\";\ncompanyURL=\"http://davidhardiman.me\";\ntarget=\"iphoneos\";\n#target=\"macosx\";\noutputPath=\"${PROJECT_DIR}/documentation\";\n# End constants\n/usr/local/bin/appledoc \\\n--project-name \"DHCoreData\" \\\n--project-company \"${company}\" \\\n--company-id \"${companyID}\" \\\n--docset-atom-filename \"${company}.atom\" \\\n--docset-feed-url \"${companyURL}/${company}/%DOCSETATOMFILENAME\" \\\n--docset-package-url \"${companyURL}/${company}/%DOCSETPACKAGEFILENAME\" \\\n--docset-fallback-url \"${companyURL}/${company}\" \\\n--output \"${outputPath}\" \\\n--publish-docset \\\n--docset-platform-family \"${target}\" \\\n--logformat xcode \\\n--keep-intermediate-files \\\n--no-repeat-first-par \\\n--no-warn-invalid-crossref \\\n--ignore \"*.m\" \\\n--exit-threshold 2 \\\n\"${PROJECT_DIR}/DHCoreData\"";
		};
		454285961A91EEDD00084DBA /* ShellScript */ = {
			isa = PBXShellScriptBuildPhase;
			buildActionMask = 2147483647;
			files = (
			);
			inputPaths = (
			);
			outputPaths = (
			);
			runOnlyForDeploymentPostprocessing = 0;
			shellPath = /bin/sh;
			shellScript = "#!/bin/sh\n\n# This script builds the framework for both the simulator and the device, and then combines\n# them into one binary using lipo.\n#\n# On build success, the result is placed into the project folder, and finder will open to\n# that location for convenient access to the newly built framework.\n\nUNIVERSAL_OUTPUTFOLDER=${BUILD_DIR}/${CONFIGURATION}-universal\n\n# make sure the output directory exists\nmkdir -p \"${UNIVERSAL_OUTPUTFOLDER}\"\n\nFRAMEWORK_NAME=\"DHCoreData\"\n\n# Step 1. Build Device and Simulator versions\nxcodebuild -target \"${FRAMEWORK_NAME}\" ONLY_ACTIVE_ARCH=NO -configuration ${CONFIGURATION} -sdk iphoneos  BUILD_DIR=\"${BUILD_DIR}\" BUILD_ROOT=\"${BUILD_ROOT}\" clean build\nxcodebuild -target \"${FRAMEWORK_NAME}\" -configuration ${CONFIGURATION} -sdk iphonesimulator ONLY_ACTIVE_ARCH=NO BUILD_DIR=\"${BUILD_DIR}\" BUILD_ROOT=\"${BUILD_ROOT}\" clean build\n\n# Step 2. Copy the framework structure (from iphoneos build) to the universal folder\ncp -R \"${BUILD_DIR}/${CONFIGURATION}-iphoneos/${FRAMEWORK_NAME}.framework\" \"${UNIVERSAL_OUTPUTFOLDER}/\"\n\n# Step 3. Create universal binary file using lipo and place the combined executable in the copied framework directory\nlipo -create -output \"${UNIVERSAL_OUTPUTFOLDER}/${FRAMEWORK_NAME}.framework/${FRAMEWORK_NAME}\" \"${BUILD_DIR}/${CONFIGURATION}-iphonesimulator/${FRAMEWORK_NAME}.framework/${FRAMEWORK_NAME}\" \"${BUILD_DIR}/${CONFIGURATION}-iphoneos/${FRAMEWORK_NAME}.framework/${FRAMEWORK_NAME}\"\n\n# Step 4. Convenience step to copy the framework to the project's directory\ncp -R \"${UNIVERSAL_OUTPUTFOLDER}/${FRAMEWORK_NAME}.framework\" \"${PROJECT_DIR}/build\"\n\n# Step 5. Convenience step to open the project's directory in Finder\nopen \"${PROJECT_DIR}/build\"";
		};
/* End PBXShellScriptBuildPhase section */

/* Begin PBXSourcesBuildPhase section */
		07DD359A178C161800ECCB21 /* Sources */ = {
			isa = PBXSourcesBuildPhase;
			buildActionMask = 2147483647;
			files = (
				07F0B8EC17C17BF8003D8581 /* DHAppDelegate.m in Sources */,
				07F0B8F517C17C13003D8581 /* DHViewController.m in Sources */,
				07F0B8F217C17C04003D8581 /* DHPerson.m in Sources */,
				07F0B90017C17C42003D8581 /* main.m in Sources */,
				07F0B8F117C17C04003D8581 /* DHAnimal.m in Sources */,
				074536621824F971000D6B6F /* Model.xcdatamodeld in Sources */,
			);
			runOnlyForDeploymentPostprocessing = 0;
		};
		07DD35C5178C161800ECCB21 /* Sources */ = {
			isa = PBXSourcesBuildPhase;
			buildActionMask = 2147483647;
			files = (
				0718DCD81824FCDA00A91417 /* DHManagedObjectUpdatingTests.m in Sources */,
				0718DCD71824FCDA00A91417 /* DHCoreDataStackTests.m in Sources */,
				0718DCD91824FCDA00A91417 /* DHNSManagedObjectExtensionTests.m in Sources */,
			);
			runOnlyForDeploymentPostprocessing = 0;
		};
		454C84321A48591300DC63B5 /* Sources */ = {
			isa = PBXSourcesBuildPhase;
			buildActionMask = 2147483647;
			files = (
				454C84581A48597600DC63B5 /* NSManagedObject+SetValuesFromDictionary.m in Sources */,
				454C845C1A48598900DC63B5 /* NSManagedObject+DH.m in Sources */,
				454C845A1A48598000DC63B5 /* DHCoreDataStack.m in Sources */,
			);
			runOnlyForDeploymentPostprocessing = 0;
		};
/* End PBXSourcesBuildPhase section */

/* Begin PBXTargetDependency section */
		07DD35D0178C161800ECCB21 /* PBXTargetDependency */ = {
			isa = PBXTargetDependency;
			target = 07DD359D178C161800ECCB21 /* DHCoreDataStack */;
			targetProxy = 07DD35CF178C161800ECCB21 /* PBXContainerItemProxy */;
		};
		454285911A91EE2D00084DBA /* PBXTargetDependency */ = {
			isa = PBXTargetDependency;
			target = 454C84361A48591300DC63B5 /* DHCoreData */;
			targetProxy = 454285901A91EE2D00084DBA /* PBXContainerItemProxy */;
		};
/* End PBXTargetDependency section */

/* Begin PBXVariantGroup section */
		0718DCDA1824FCFA00A91417 /* InfoPlist.strings */ = {
			isa = PBXVariantGroup;
			children = (
				0718DCDB1824FCFA00A91417 /* en */,
			);
			name = InfoPlist.strings;
			sourceTree = "<group>";
		};
		07F0B8F617C17C1F003D8581 /* DHViewController.xib */ = {
			isa = PBXVariantGroup;
			children = (
				07F0B8F717C17C1F003D8581 /* en */,
			);
			name = DHViewController.xib;
			sourceTree = "<group>";
		};
		07F0B8F917C17C37003D8581 /* InfoPlist.strings */ = {
			isa = PBXVariantGroup;
			children = (
				07F0B8FA17C17C37003D8581 /* en */,
			);
			name = InfoPlist.strings;
			sourceTree = "<group>";
		};
/* End PBXVariantGroup section */

/* Begin XCBuildConfiguration section */
		07DD35DA178C161800ECCB21 /* Debug */ = {
			isa = XCBuildConfiguration;
			buildSettings = {
				ALWAYS_SEARCH_USER_PATHS = NO;
				CLANG_ENABLE_MODULES = YES;
				CLANG_ENABLE_OBJC_ARC = YES;
				CLANG_WARN_BOOL_CONVERSION = YES;
				CLANG_WARN_CONSTANT_CONVERSION = YES;
				CLANG_WARN_EMPTY_BODY = YES;
				CLANG_WARN_ENUM_CONVERSION = YES;
				CLANG_WARN_INT_CONVERSION = YES;
				CLANG_WARN_UNREACHABLE_CODE = YES;
				CLANG_WARN__DUPLICATE_METHOD_MATCH = YES;
				"CODE_SIGN_IDENTITY[sdk=iphoneos*]" = "iPhone Developer";
				COPY_PHASE_STRIP = NO;
				ENABLE_STRICT_OBJC_MSGSEND = YES;
				ENABLE_TESTABILITY = YES;
				GCC_C_LANGUAGE_STANDARD = gnu99;
				GCC_DYNAMIC_NO_PIC = NO;
				GCC_NO_COMMON_BLOCKS = YES;
				GCC_OPTIMIZATION_LEVEL = 0;
				GCC_PREPROCESSOR_DEFINITIONS = (
					"DEBUG=1",
					"$(inherited)",
				);
				GCC_SYMBOLS_PRIVATE_EXTERN = NO;
				GCC_VERSION = com.apple.compilers.llvm.clang.1_0;
				GCC_WARN_64_TO_32_BIT_CONVERSION = YES;
				GCC_WARN_ABOUT_MISSING_PROTOTYPES = YES;
				GCC_WARN_ABOUT_RETURN_TYPE = YES;
				GCC_WARN_UNDECLARED_SELECTOR = YES;
				GCC_WARN_UNINITIALIZED_AUTOS = YES;
				GCC_WARN_UNUSED_FUNCTION = YES;
				GCC_WARN_UNUSED_VARIABLE = YES;
				IPHONEOS_DEPLOYMENT_TARGET = 6.1;
				ONLY_ACTIVE_ARCH = YES;
				SDKROOT = iphoneos;
			};
			name = Debug;
		};
		07DD35DB178C161800ECCB21 /* Release */ = {
			isa = XCBuildConfiguration;
			buildSettings = {
				ALWAYS_SEARCH_USER_PATHS = NO;
				CLANG_ENABLE_MODULES = YES;
				CLANG_ENABLE_OBJC_ARC = YES;
				CLANG_WARN_BOOL_CONVERSION = YES;
				CLANG_WARN_CONSTANT_CONVERSION = YES;
				CLANG_WARN_EMPTY_BODY = YES;
				CLANG_WARN_ENUM_CONVERSION = YES;
				CLANG_WARN_INT_CONVERSION = YES;
				CLANG_WARN_UNREACHABLE_CODE = YES;
				CLANG_WARN__DUPLICATE_METHOD_MATCH = YES;
				"CODE_SIGN_IDENTITY[sdk=iphoneos*]" = "iPhone Developer";
				COPY_PHASE_STRIP = YES;
				ENABLE_STRICT_OBJC_MSGSEND = YES;
				GCC_C_LANGUAGE_STANDARD = gnu99;
				GCC_NO_COMMON_BLOCKS = YES;
				GCC_VERSION = com.apple.compilers.llvm.clang.1_0;
				GCC_WARN_64_TO_32_BIT_CONVERSION = YES;
				GCC_WARN_ABOUT_MISSING_PROTOTYPES = YES;
				GCC_WARN_ABOUT_RETURN_TYPE = YES;
				GCC_WARN_UNDECLARED_SELECTOR = YES;
				GCC_WARN_UNINITIALIZED_AUTOS = YES;
				GCC_WARN_UNUSED_FUNCTION = YES;
				GCC_WARN_UNUSED_VARIABLE = YES;
				IPHONEOS_DEPLOYMENT_TARGET = 6.1;
				OTHER_CFLAGS = "-DNS_BLOCK_ASSERTIONS=1";
				SDKROOT = iphoneos;
				VALIDATE_PRODUCT = YES;
			};
			name = Release;
		};
		07DD35DD178C161800ECCB21 /* Debug */ = {
			isa = XCBuildConfiguration;
			buildSettings = {
				ASSETCATALOG_COMPILER_APPICON_NAME = AppIcon;
				ASSETCATALOG_COMPILER_LAUNCHIMAGE_NAME = LaunchImage;
				CODE_SIGN_IDENTITY = "iPhone Developer";
				"CODE_SIGN_IDENTITY[sdk=iphoneos*]" = "iPhone Developer";
				FRAMEWORK_SEARCH_PATHS = (
					"$(inherited)",
					"$(PROJECT_DIR)",
				);
				GCC_PRECOMPILE_PREFIX_HEADER = YES;
				GCC_PREFIX_HEADER = "DHCoreDataStack/DHCoreDataStack-Prefix.pch";
				HEADER_SEARCH_PATHS = "$(inherited)";
				INFOPLIST_FILE = "DHCoreDataStack/DHCoreDataStack-Info.plist";
				IPHONEOS_DEPLOYMENT_TARGET = 8.0;
				LD_RUNPATH_SEARCH_PATHS = "$(inherited) @executable_path/Frameworks";
				OTHER_LDFLAGS = "-ObjC";
				PRODUCT_BUNDLE_IDENTIFIER = "com.davidhardiman.${PRODUCT_NAME:rfc1034identifier}";
				PRODUCT_NAME = DHCoreDataStack;
				WRAPPER_EXTENSION = app;
			};
			name = Debug;
		};
		07DD35DE178C161800ECCB21 /* Release */ = {
			isa = XCBuildConfiguration;
			buildSettings = {
				ASSETCATALOG_COMPILER_APPICON_NAME = AppIcon;
				ASSETCATALOG_COMPILER_LAUNCHIMAGE_NAME = LaunchImage;
				CODE_SIGN_IDENTITY = "iPhone Developer";
				"CODE_SIGN_IDENTITY[sdk=iphoneos*]" = "iPhone Developer";
				FRAMEWORK_SEARCH_PATHS = (
					"$(inherited)",
					"$(PROJECT_DIR)",
				);
				GCC_PRECOMPILE_PREFIX_HEADER = YES;
				GCC_PREFIX_HEADER = "DHCoreDataStack/DHCoreDataStack-Prefix.pch";
				HEADER_SEARCH_PATHS = "$(inherited)";
				INFOPLIST_FILE = "DHCoreDataStack/DHCoreDataStack-Info.plist";
				IPHONEOS_DEPLOYMENT_TARGET = 8.0;
				LD_RUNPATH_SEARCH_PATHS = "$(inherited) @executable_path/Frameworks";
				OTHER_LDFLAGS = "-ObjC";
				PRODUCT_BUNDLE_IDENTIFIER = "com.davidhardiman.${PRODUCT_NAME:rfc1034identifier}";
				PRODUCT_NAME = DHCoreDataStack;
				WRAPPER_EXTENSION = app;
			};
			name = Release;
		};
		07DD35E0178C161800ECCB21 /* Debug */ = {
			isa = XCBuildConfiguration;
			buildSettings = {
				BUNDLE_LOADER = "$(BUILT_PRODUCTS_DIR)/DHCoreDataStack.app/DHCoreDataStack";
				CLANG_CXX_LANGUAGE_STANDARD = "gnu++0x";
				CLANG_CXX_LIBRARY = "libc++";
				CLANG_WARN_CONSTANT_CONVERSION = YES;
				CLANG_WARN_EMPTY_BODY = YES;
				CLANG_WARN_ENUM_CONVERSION = YES;
				CLANG_WARN_INT_CONVERSION = YES;
				CLANG_WARN__DUPLICATE_METHOD_MATCH = YES;
				"CODE_SIGN_IDENTITY[sdk=iphoneos*]" = "";
				FRAMEWORK_SEARCH_PATHS = (
					"\"$(SDKROOT)/Developer/Library/Frameworks\"",
					"\"$(DEVELOPER_LIBRARY_DIR)/Frameworks\"",
					"$(SRCROOT)",
					"$(inherited)",
					"$(PROJECT_DIR)",
				);
				GCC_PRECOMPILE_PREFIX_HEADER = YES;
				GCC_PREFIX_HEADER = "DHCoreDataStack/DHCoreDataStack-Prefix.pch";
				GCC_WARN_UNINITIALIZED_AUTOS = YES;
				HEADER_SEARCH_PATHS = "$(inherited)/**";
				INFOPLIST_FILE = "DHCoreDataStackTests/DHCoreDataStackTests-Info.plist";
				IPHONEOS_DEPLOYMENT_TARGET = 8.0;
				ONLY_ACTIVE_ARCH = YES;
				OTHER_LDFLAGS = (
					"-all_load",
					"-ObjC",
				);
				PRODUCT_BUNDLE_IDENTIFIER = "com.mobileiq.${PRODUCT_NAME:rfc1034identifier}";
				PRODUCT_NAME = DHCoreDataStackTests;
				TEST_HOST = "$(BUNDLE_LOADER)";
				WRAPPER_EXTENSION = xctest;
			};
			name = Debug;
		};
		07DD35E1178C161800ECCB21 /* Release */ = {
			isa = XCBuildConfiguration;
			buildSettings = {
				BUNDLE_LOADER = "$(BUILT_PRODUCTS_DIR)/DHCoreDataStack.app/DHCoreDataStack";
				CLANG_CXX_LANGUAGE_STANDARD = "gnu++0x";
				CLANG_CXX_LIBRARY = "libc++";
				CLANG_WARN_CONSTANT_CONVERSION = YES;
				CLANG_WARN_EMPTY_BODY = YES;
				CLANG_WARN_ENUM_CONVERSION = YES;
				CLANG_WARN_INT_CONVERSION = YES;
				CLANG_WARN__DUPLICATE_METHOD_MATCH = YES;
				"CODE_SIGN_IDENTITY[sdk=iphoneos*]" = "";
				FRAMEWORK_SEARCH_PATHS = (
					"\"$(SDKROOT)/Developer/Library/Frameworks\"",
					"\"$(DEVELOPER_LIBRARY_DIR)/Frameworks\"",
					"$(SRCROOT)",
					"$(inherited)",
					"$(PROJECT_DIR)",
				);
				GCC_PRECOMPILE_PREFIX_HEADER = YES;
				GCC_PREFIX_HEADER = "DHCoreDataStack/DHCoreDataStack-Prefix.pch";
				GCC_WARN_UNINITIALIZED_AUTOS = YES;
				HEADER_SEARCH_PATHS = "$(inherited)/**";
				INFOPLIST_FILE = "DHCoreDataStackTests/DHCoreDataStackTests-Info.plist";
				IPHONEOS_DEPLOYMENT_TARGET = 8.0;
				OTHER_LDFLAGS = (
					"-all_load",
					"-ObjC",
				);
				PRODUCT_BUNDLE_IDENTIFIER = "com.mobileiq.${PRODUCT_NAME:rfc1034identifier}";
				PRODUCT_NAME = DHCoreDataStackTests;
				TEST_HOST = "$(BUNDLE_LOADER)";
				WRAPPER_EXTENSION = xctest;
			};
			name = Release;
		};
		450A4B6F1A31A872001D9577 /* Debug */ = {
			isa = XCBuildConfiguration;
			buildSettings = {
				PRODUCT_NAME = "$(TARGET_NAME)";
			};
			name = Debug;
		};
		450A4B701A31A872001D9577 /* Release */ = {
			isa = XCBuildConfiguration;
			buildSettings = {
				PRODUCT_NAME = "$(TARGET_NAME)";
			};
			name = Release;
		};
		454285941A91EED800084DBA /* Debug */ = {
			isa = XCBuildConfiguration;
			buildSettings = {
				PRODUCT_NAME = "$(TARGET_NAME)";
			};
			name = Debug;
		};
		454285951A91EED800084DBA /* Release */ = {
			isa = XCBuildConfiguration;
			buildSettings = {
				PRODUCT_NAME = "$(TARGET_NAME)";
			};
			name = Release;
		};
		454C84511A48591300DC63B5 /* Debug */ = {
			isa = XCBuildConfiguration;
			buildSettings = {
				CLANG_CXX_LANGUAGE_STANDARD = "gnu++0x";
				CLANG_CXX_LIBRARY = "libc++";
				CLANG_WARN_DIRECT_OBJC_ISA_USAGE = YES_ERROR;
				CLANG_WARN_OBJC_ROOT_CLASS = YES_ERROR;
				CODE_SIGN_IDENTITY = "iPhone Developer";
				"CODE_SIGN_IDENTITY[sdk=iphoneos*]" = "iPhone Developer";
				CURRENT_PROJECT_VERSION = 1;
				DEFINES_MODULE = YES;
				DYLIB_COMPATIBILITY_VERSION = 1;
				DYLIB_CURRENT_VERSION = 1;
				DYLIB_INSTALL_NAME_BASE = "@rpath";
				FRAMEWORK_SEARCH_PATHS = "$(PROJECT_DIR)";
				GCC_PREPROCESSOR_DEFINITIONS = (
					"DEBUG=1",
					"$(inherited)",
				);
				GCC_WARN_ABOUT_RETURN_TYPE = YES_ERROR;
				GCC_WARN_UNINITIALIZED_AUTOS = YES_AGGRESSIVE;
				INFOPLIST_FILE = DHCoreDataFramework/Info.plist;
				INSTALL_PATH = "$(LOCAL_LIBRARY_DIR)/Frameworks";
				IPHONEOS_DEPLOYMENT_TARGET = 8.1;
				LD_RUNPATH_SEARCH_PATHS = "$(inherited) @executable_path/Frameworks @loader_path/Frameworks";
				MTL_ENABLE_DEBUG_INFO = YES;
				PRODUCT_BUNDLE_IDENTIFIER = "me.davidhardiman.$(PRODUCT_NAME:rfc1034identifier)";
				PRODUCT_NAME = DHCoreData;
				SKIP_INSTALL = YES;
				TARGETED_DEVICE_FAMILY = "1,2";
				VERSIONING_SYSTEM = "apple-generic";
				VERSION_INFO_PREFIX = "";
			};
			name = Debug;
		};
		454C84521A48591300DC63B5 /* Release */ = {
			isa = XCBuildConfiguration;
			buildSettings = {
				CLANG_CXX_LANGUAGE_STANDARD = "gnu++0x";
				CLANG_CXX_LIBRARY = "libc++";
				CLANG_WARN_DIRECT_OBJC_ISA_USAGE = YES_ERROR;
				CLANG_WARN_OBJC_ROOT_CLASS = YES_ERROR;
				CODE_SIGN_IDENTITY = "iPhone Developer";
				"CODE_SIGN_IDENTITY[sdk=iphoneos*]" = "iPhone Developer";
				CURRENT_PROJECT_VERSION = 1;
				DEFINES_MODULE = YES;
				DYLIB_COMPATIBILITY_VERSION = 1;
				DYLIB_CURRENT_VERSION = 1;
				DYLIB_INSTALL_NAME_BASE = "@rpath";
				ENABLE_NS_ASSERTIONS = NO;
				FRAMEWORK_SEARCH_PATHS = "$(PROJECT_DIR)";
				GCC_WARN_ABOUT_RETURN_TYPE = YES_ERROR;
				GCC_WARN_UNINITIALIZED_AUTOS = YES_AGGRESSIVE;
				INFOPLIST_FILE = DHCoreDataFramework/Info.plist;
				INSTALL_PATH = "$(LOCAL_LIBRARY_DIR)/Frameworks";
				IPHONEOS_DEPLOYMENT_TARGET = 8.1;
				LD_RUNPATH_SEARCH_PATHS = "$(inherited) @executable_path/Frameworks @loader_path/Frameworks";
				MTL_ENABLE_DEBUG_INFO = NO;
				PRODUCT_BUNDLE_IDENTIFIER = "me.davidhardiman.$(PRODUCT_NAME:rfc1034identifier)";
				PRODUCT_NAME = DHCoreData;
				SKIP_INSTALL = YES;
				TARGETED_DEVICE_FAMILY = "1,2";
				VERSIONING_SYSTEM = "apple-generic";
				VERSION_INFO_PREFIX = "";
			};
			name = Release;
		};
/* End XCBuildConfiguration section */

/* Begin XCConfigurationList section */
		07DD3599178C161800ECCB21 /* Build configuration list for PBXProject "DHCoreDataStack" */ = {
			isa = XCConfigurationList;
			buildConfigurations = (
				07DD35DA178C161800ECCB21 /* Debug */,
				07DD35DB178C161800ECCB21 /* Release */,
			);
			defaultConfigurationIsVisible = 0;
			defaultConfigurationName = Release;
		};
		07DD35DC178C161800ECCB21 /* Build configuration list for PBXNativeTarget "DHCoreDataStack" */ = {
			isa = XCConfigurationList;
			buildConfigurations = (
				07DD35DD178C161800ECCB21 /* Debug */,
				07DD35DE178C161800ECCB21 /* Release */,
			);
			defaultConfigurationIsVisible = 0;
			defaultConfigurationName = Release;
		};
		07DD35DF178C161800ECCB21 /* Build configuration list for PBXNativeTarget "DHCoreDataStackTests" */ = {
			isa = XCConfigurationList;
			buildConfigurations = (
				07DD35E0178C161800ECCB21 /* Debug */,
				07DD35E1178C161800ECCB21 /* Release */,
			);
			defaultConfigurationIsVisible = 0;
			defaultConfigurationName = Release;
		};
		450A4B741A31A872001D9577 /* Build configuration list for PBXAggregateTarget "documentation" */ = {
			isa = XCConfigurationList;
			buildConfigurations = (
				450A4B6F1A31A872001D9577 /* Debug */,
				450A4B701A31A872001D9577 /* Release */,
			);
			defaultConfigurationIsVisible = 0;
			defaultConfigurationName = Release;
		};
		454285931A91EED800084DBA /* Build configuration list for PBXAggregateTarget "universalframework" */ = {
			isa = XCConfigurationList;
			buildConfigurations = (
				454285941A91EED800084DBA /* Debug */,
				454285951A91EED800084DBA /* Release */,
			);
			defaultConfigurationIsVisible = 0;
			defaultConfigurationName = Release;
		};
		454C84501A48591300DC63B5 /* Build configuration list for PBXNativeTarget "DHCoreData" */ = {
			isa = XCConfigurationList;
			buildConfigurations = (
				454C84511A48591300DC63B5 /* Debug */,
				454C84521A48591300DC63B5 /* Release */,
			);
			defaultConfigurationIsVisible = 0;
			defaultConfigurationName = Release;
		};
/* End XCConfigurationList section */

/* Begin XCVersionGroup section */
		074536611824F971000D6B6F /* Model.xcdatamodeld */ = {
			isa = XCVersionGroup;
			children = (
			);
			name = Model.xcdatamodeld;
			path = ../DHCoreDataStack/Model.xcdatamodeld;
			sourceTree = "<group>";
			versionGroupType = wrapper.xcdatamodel;
		};
/* End XCVersionGroup section */
	};
	rootObject = 07DD3596178C161800ECCB21 /* Project object */;
}
